{
  "name": "node-audio-peaks",
  "version": "1.0.0",
  "lockfileVersion": 2,
  "requires": true,
  "packages": {
    "": {
      "version": "1.0.0",
      "license": "ISC",
      "dependencies": {
        "audio-decode": "^1.4.0",
        "audio-lena": "^2.1.1",
        "node-fetch": "^2.6.1"
      }
    },
    "node_modules/atob": {
      "version": "2.1.2",
      "resolved": "https://registry.npmjs.org/atob/-/atob-2.1.2.tgz",
      "integrity": "sha512-Wm6ukoaOGJi/73p/cl2GvLjTI5JM1k/O14isD73YML8StrH/7/lRFgmg8nICZgD3bZZvjwCGxtMOD3wWNAu8cg==",
      "bin": {
        "atob": "bin/atob.js"
      },
      "engines": {
        "node": ">= 4.5.0"
      }
    },
    "node_modules/atob-lite": {
      "version": "2.0.0",
      "resolved": "https://registry.npmjs.org/atob-lite/-/atob-lite-2.0.0.tgz",
      "integrity": "sha1-D+9a1G8b16hQLGVyfwNn1e5D1pY="
    },
    "node_modules/audio-buffer": {
      "version": "4.0.4",
      "resolved": "https://registry.npmjs.org/audio-buffer/-/audio-buffer-4.0.4.tgz",
      "integrity": "sha512-phH+MR3G+N/PO5ZKKxx7HlU6vJwAJFa0+FCaTjr/4lUZU/RCjUTqlk3nMJTRy5+b+6cbx8m//EtwZOVI5Ht9+w==",
      "dependencies": {
        "audio-context": "^1.0.0"
      }
    },
    "node_modules/audio-buffer-from": {
      "version": "1.1.1",
      "resolved": "https://registry.npmjs.org/audio-buffer-from/-/audio-buffer-from-1.1.1.tgz",
      "integrity": "sha512-8Wcira24z+26GXDFe7ZFRF1bJm1iWrz8O+XL8iNZxZjxqAPXIoK1IrJiOqStv35ASPbRjG57ZK/T0WO92MDUSg==",
      "dependencies": {
        "audio-buffer": "^4.0.4",
        "audio-context": "^1.0.1",
        "audio-format": "^2.0.0",
        "is-audio-buffer": "^1.0.11",
        "is-plain-obj": "^1.1.0",
        "pcm-convert": "^1.6.0",
        "pick-by-alias": "^1.2.0",
        "string-to-arraybuffer": "^1.0.0"
      }
    },
    "node_modules/audio-context": {
      "version": "1.0.3",
      "resolved": "https://registry.npmjs.org/audio-context/-/audio-context-1.0.3.tgz",
      "integrity": "sha512-RH3/rM74f2ITlohhjgC7oYZVS97wtv/SEjXLCzEinnrIPIDxc39m2aFc6wmdkM0NYRKo1DMleYPMAIbnTRW0eA=="
    },
    "node_modules/audio-decode": {
      "version": "1.4.0",
      "resolved": "https://registry.npmjs.org/audio-decode/-/audio-decode-1.4.0.tgz",
      "integrity": "sha512-twthRe/K9b83xkk+7AVw7n0o1z1jaaVAwIM0m6VFy9Fl7XdQXM2Kb2MMnZoFBrjwpby+rSfqKZCFExDTZNrCHw==",
      "dependencies": {
        "audio-buffer-from": "^1.1.1",
        "audio-context": "^1.0.1",
        "audio-type": "^1.0.2",
        "av": "^0.4.9",
        "is-buffer": "^1.1.4",
        "mp3": "^0.1.0",
        "to-array-buffer": "^2.0.0",
        "typedarray-to-buffer": "^3.1.2",
        "wav-decoder": "^1.1.0"
      }
    },
    "node_modules/audio-format": {
      "version": "2.3.2",
      "resolved": "https://registry.npmjs.org/audio-format/-/audio-format-2.3.2.tgz",
      "integrity": "sha512-5IA2grZhaVhpGxX6lbJm8VVh/SKQULMXXrFxuiodi0zhzDPRB8BJfieo89AclEQv4bDxZRH4lv06qNnxqkFhKQ==",
      "dependencies": {
        "is-audio-buffer": "^1.0.11",
        "is-buffer": "^1.1.5",
        "is-plain-obj": "^1.1.0",
        "pick-by-alias": "^1.2.0",
        "sample-rate": "^2.0.0"
      }
    },
    "node_modules/audio-lena": {
      "version": "2.1.1",
      "resolved": "https://registry.npmjs.org/audio-lena/-/audio-lena-2.1.1.tgz",
      "integrity": "sha1-6IyKnn5HMsZq8lJTTvw8Vmg6/FY=",
      "dependencies": {
        "atob": "^2.0.3"
      }
    },
    "node_modules/audio-type": {
      "version": "1.0.2",
      "resolved": "https://registry.npmjs.org/audio-type/-/audio-type-1.0.2.tgz",
      "integrity": "sha1-n6tWsVc0o35Wwh72/624FhivD8A=",
      "dependencies": {
        "is-flac": "^1.1.0",
        "is-m4a": "^1.1.0",
        "is-mp3": "^1.1.0",
        "is-ogg": "^1.1.0",
        "is-wav": "^1.1.0",
        "read-chunk": "^2.0.0"
      },
      "bin": {
        "audio-type": "cli.js"
      },
      "engines": {
        "node": ">=4"
      }
    },
    "node_modules/av": {
      "version": "0.4.9",
      "resolved": "https://registry.npmjs.org/av/-/av-0.4.9.tgz",
      "integrity": "sha1-jHFl9zlYClQeyVBxQjSSs//cbiA=",
      "dependencies": {
        "coffeeify": "^0.6.0"
      },
      "optionalDependencies": {
        "speaker": "^0.3.0"
      }
    },
    "node_modules/bindings": {
      "version": "1.5.0",
      "resolved": "https://registry.npmjs.org/bindings/-/bindings-1.5.0.tgz",
      "integrity": "sha512-p2q/t/mhvuOj/UeLlV6566GD/guowlr0hHxClI0W9m7MWYkL1F0hLo+0Aexs9HSPCtR1SXQ0TD3MMKrXZajbiQ==",
      "optional": true,
      "dependencies": {
        "file-uri-to-path": "1.0.0"
      }
    },
    "node_modules/coffee-script": {
      "version": "1.7.1",
      "resolved": "https://registry.npmjs.org/coffee-script/-/coffee-script-1.7.1.tgz",
      "integrity": "sha1-YplqhheAx15tUGnROCJyO3NAS/w=",
      "deprecated": "CoffeeScript on NPM has moved to \"coffeescript\" (no hyphen)",
      "dependencies": {
        "mkdirp": "~0.3.5"
      },
      "bin": {
        "cake": "bin/cake",
        "coffee": "bin/coffee"
      },
      "engines": {
        "node": ">=0.8.0"
      }
    },
    "node_modules/coffeeify": {
      "version": "0.6.0",
      "resolved": "https://registry.npmjs.org/coffeeify/-/coffeeify-0.6.0.tgz",
      "integrity": "sha1-dcq6my6Sx4NskkZciDtqzJ2JRlI=",
      "dependencies": {
        "coffee-script": "~1.7.0",
        "convert-source-map": "~0.3.3",
        "through": "~2.3.4"
      }
    },
    "node_modules/convert-source-map": {
      "version": "0.3.5",
      "resolved": "https://registry.npmjs.org/convert-source-map/-/convert-source-map-0.3.5.tgz",
      "integrity": "sha1-8dgClQr33SYxof6+BZZVDIarMZA="
    },
    "node_modules/core-util-is": {
      "version": "1.0.2",
      "resolved": "https://registry.npmjs.org/core-util-is/-/core-util-is-1.0.2.tgz",
      "integrity": "sha1-tf1UIgqivFq1eqtxQMlAdUUDwac=",
      "optional": true
    },
    "node_modules/debug": {
      "version": "2.6.9",
      "resolved": "https://registry.npmjs.org/debug/-/debug-2.6.9.tgz",
      "integrity": "sha512-bC7ElrdJaJnPbAP+1EotYvqZsb3ecl5wi6Bfi6BJTUcNowp6cvspg0jXznRTKDjm/E7AdgFBVeAPVMNcKGsHMA==",
      "optional": true,
      "dependencies": {
        "ms": "2.0.0"
      }
    },
    "node_modules/dtype": {
      "version": "2.0.0",
      "resolved": "https://registry.npmjs.org/dtype/-/dtype-2.0.0.tgz",
      "integrity": "sha1-zQUjI84GFETs0uj1dI9popvihDQ=",
      "engines": {
        "node": ">= 0.8.0"
      }
    },
    "node_modules/file-uri-to-path": {
      "version": "1.0.0",
      "resolved": "https://registry.npmjs.org/file-uri-to-path/-/file-uri-to-path-1.0.0.tgz",
      "integrity": "sha512-0Zt+s3L7Vf1biwWZ29aARiVYLx7iMGnEUl9x33fbB/j3jR81u/O2LbqK+Bm1CDSNDKVtJ/YjwY7TUd5SkeLQLw==",
      "optional": true
    },
    "node_modules/flatten-vertex-data": {
      "version": "1.0.2",
      "resolved": "https://registry.npmjs.org/flatten-vertex-data/-/flatten-vertex-data-1.0.2.tgz",
      "integrity": "sha512-BvCBFK2NZqerFTdMDgqfHBwxYWnxeCkwONsw6PvBMcUXqo8U/KDWwmXhqx1x2kLIg7DqIsJfOaJFOmlua3Lxuw==",
      "dependencies": {
        "dtype": "^2.0.0"
      }
    },
    "node_modules/inherits": {
      "version": "2.0.4",
      "resolved": "https://registry.npmjs.org/inherits/-/inherits-2.0.4.tgz",
      "integrity": "sha512-k/vGaX4/Yla3WzyMCvTQOXYeIHvqOKtnqBduzTHpzpQZzAskKMhZ2K+EnBiSM9zGSoIFeMpXKxa4dYeZIQqewQ==",
      "optional": true
    },
    "node_modules/is-audio-buffer": {
      "version": "1.1.0",
      "resolved": "https://registry.npmjs.org/is-audio-buffer/-/is-audio-buffer-1.1.0.tgz",
      "integrity": "sha512-fmPC/dizJmP4ITCsW5oTQGMJ9wZVE+A/zAe6FQo3XwgERxmXHmm3ON5XkWDAxmyxvsrDmWx3NArpSgamp/59AA=="
    },
    "node_modules/is-base64": {
      "version": "0.1.0",
      "resolved": "https://registry.npmjs.org/is-base64/-/is-base64-0.1.0.tgz",
      "integrity": "sha512-WRRyllsGXJM7ZN7gPTCCQ/6wNPTRDwiWdPK66l5sJzcU/oOzcIcRRf0Rux8bkpox/1yjt0F6VJRsQOIG2qz5sg=="
    },
    "node_modules/is-blob": {
      "version": "2.1.0",
      "resolved": "https://registry.npmjs.org/is-blob/-/is-blob-2.1.0.tgz",
      "integrity": "sha512-SZ/fTft5eUhQM6oF/ZaASFDEdbFVe89Imltn9uZr03wdKMcWNVYSMjQPFtg05QuNkt5l5c135ElvXEQG0rk4tw==",
      "engines": {
        "node": ">=6"
      },
      "funding": {
        "url": "https://github.com/sponsors/sindresorhus"
      }
    },
    "node_modules/is-buffer": {
      "version": "1.1.6",
      "resolved": "https://registry.npmjs.org/is-buffer/-/is-buffer-1.1.6.tgz",
      "integrity": "sha512-NcdALwpXkTm5Zvvbk7owOUSvVvBKDgKP5/ewfXEznmQFfs4ZRmanOeKBTjRVjka3QFoN6XJ+9F3USqfHqTaU5w=="
    },
    "node_modules/is-flac": {
      "version": "1.1.2",
      "resolved": "https://registry.npmjs.org/is-flac/-/is-flac-1.1.2.tgz",
      "integrity": "sha1-xMWRj6IR5Rt6bpp8x1GAnq6MACw=",
      "engines": {
        "node": ">=4"
      }
    },
    "node_modules/is-m4a": {
      "version": "1.1.0",
      "resolved": "https://registry.npmjs.org/is-m4a/-/is-m4a-1.1.0.tgz",
      "integrity": "sha1-DxbISzufvx/fjDn4hGhGJk3b3Tw=",
      "engines": {
        "node": ">=0.10.0"
      }
    },
    "node_modules/is-mp3": {
      "version": "1.1.3",
      "resolved": "https://registry.npmjs.org/is-mp3/-/is-mp3-1.1.3.tgz",
      "integrity": "sha1-YqHnPCBgH0bLHxv1klBPk58L1Mg=",
      "engines": {
        "node": ">=4"
      }
    },
    "node_modules/is-ogg": {
      "version": "1.1.2",
      "resolved": "https://registry.npmjs.org/is-ogg/-/is-ogg-1.1.2.tgz",
      "integrity": "sha1-lWoOAjzntcSE+sDi/0J4NPanZJM=",
      "engines": {
        "node": ">=4"
      }
    },
    "node_modules/is-plain-obj": {
      "version": "1.1.0",
      "resolved": "https://registry.npmjs.org/is-plain-obj/-/is-plain-obj-1.1.0.tgz",
      "integrity": "sha1-caUMhCnfync8kqOQpKA7OfzVHT4=",
      "engines": {
        "node": ">=0.10.0"
      }
    },
    "node_modules/is-typedarray": {
      "version": "1.0.0",
      "resolved": "https://registry.npmjs.org/is-typedarray/-/is-typedarray-1.0.0.tgz",
      "integrity": "sha1-5HnICFjfDBsR3dppQPlgEfzaSpo="
    },
    "node_modules/is-wav": {
      "version": "1.1.2",
      "resolved": "https://registry.npmjs.org/is-wav/-/is-wav-1.1.2.tgz",
      "integrity": "sha1-2crM81WoNNf1uCjwCYEdCX1UBQ4=",
      "engines": {
        "node": ">=4"
      }
    },
    "node_modules/isarray": {
      "version": "1.0.0",
      "resolved": "https://registry.npmjs.org/isarray/-/isarray-1.0.0.tgz",
      "integrity": "sha1-u5NdSFgsuhaMBoNJV6VKPgcSTxE=",
      "optional": true
    },
    "node_modules/mkdirp": {
      "version": "0.3.5",
      "resolved": "https://registry.npmjs.org/mkdirp/-/mkdirp-0.3.5.tgz",
      "integrity": "sha1-3j5fiWHIjHh+4TaN+EmsRBPsqNc=",
      "deprecated": "Legacy versions of mkdirp are no longer supported. Please update to mkdirp 1.x. (Note that the API surface has changed to use Promises in 1.x.)"
    },
    "node_modules/mp3": {
      "version": "0.1.0",
      "resolved": "https://registry.npmjs.org/mp3/-/mp3-0.1.0.tgz",
      "integrity": "sha1-5T5HI+NGmO4//dzbYL+INWpJEME=",
      "peerDependencies": {
        "av": "~0.4.0"
      }
    },
    "node_modules/ms": {
      "version": "2.0.0",
      "resolved": "https://registry.npmjs.org/ms/-/ms-2.0.0.tgz",
      "integrity": "sha1-VgiurfwAvmwpAd9fmGF4jeDVl8g=",
      "optional": true
    },
    "node_modules/nan": {
      "version": "2.15.0",
      "resolved": "https://registry.npmjs.org/nan/-/nan-2.15.0.tgz",
      "integrity": "sha512-8ZtvEnA2c5aYCZYd1cvgdnU6cqwixRoYg70xPLWUws5ORTa/lnw+u4amixRS/Ac5U5mQVgp9pnlSUnbNWFaWZQ==",
      "optional": true
    },
    "node_modules/node-fetch": {
      "version": "2.6.1",
      "resolved": "https://registry.npmjs.org/node-fetch/-/node-fetch-2.6.1.tgz",
      "integrity": "sha512-V4aYg89jEoVRxRb2fJdAg8FHvI7cEyYdVAh94HH0UIK8oJxUfkjlDQN9RbMx+bEjP7+ggMiFRprSti032Oipxw==",
      "engines": {
        "node": "4.x || >=6.0.0"
      }
    },
    "node_modules/object-assign": {
      "version": "4.1.1",
      "resolved": "https://registry.npmjs.org/object-assign/-/object-assign-4.1.1.tgz",
      "integrity": "sha1-IQmtx5ZYh8/AXLvUQsrIv7s2CGM=",
      "engines": {
        "node": ">=0.10.0"
      }
    },
    "node_modules/pcm-convert": {
      "version": "1.6.5",
      "resolved": "https://registry.npmjs.org/pcm-convert/-/pcm-convert-1.6.5.tgz",
      "integrity": "sha512-5CEspU4j8aEQ80AhNbcLfpT0apc93E6endFxahWd4sV70I6PN7LPdz8GoYm/1qr400K9bUVsVA+KxNgbFROZPw==",
      "dependencies": {
        "audio-format": "^2.3.2",
        "is-audio-buffer": "^1.0.11",
        "is-buffer": "^1.1.5",
        "object-assign": "^4.1.1"
      }
    },
    "node_modules/pick-by-alias": {
      "version": "1.2.0",
      "resolved": "https://registry.npmjs.org/pick-by-alias/-/pick-by-alias-1.2.0.tgz",
      "integrity": "sha1-X3yysfIabh6ISgyHhVqko3NhEHs="
    },
    "node_modules/pify": {
      "version": "3.0.0",
      "resolved": "https://registry.npmjs.org/pify/-/pify-3.0.0.tgz",
      "integrity": "sha1-5aSs0sEB/fPZpNB/DbxNtJ3SgXY=",
      "engines": {
        "node": ">=4"
      }
    },
    "node_modules/process-nextick-args": {
      "version": "2.0.1",
      "resolved": "https://registry.npmjs.org/process-nextick-args/-/process-nextick-args-2.0.1.tgz",
      "integrity": "sha512-3ouUOpQhtgrbOa17J7+uxOTpITYWaGP7/AhoR3+A+/1e9skrzelGi/dXzEYyvbxubEF6Wn2ypscTKiKJFFn1ag==",
      "optional": true
    },
    "node_modules/read-chunk": {
      "version": "2.1.0",
      "resolved": "https://registry.npmjs.org/read-chunk/-/read-chunk-2.1.0.tgz",
      "integrity": "sha1-agTAkoAF7Z1C4aasVgDhnLx/9lU=",
      "dependencies": {
        "pify": "^3.0.0",
        "safe-buffer": "^5.1.1"
      },
      "engines": {
        "node": ">=4"
      }
    },
    "node_modules/readable-stream": {
      "version": "2.3.7",
      "resolved": "https://registry.npmjs.org/readable-stream/-/readable-stream-2.3.7.tgz",
      "integrity": "sha512-Ebho8K4jIbHAxnuxi7o42OrZgF/ZTNcsZj6nRKyUmkhLFq8CHItp/fy6hQZuZmP/n3yZ9VBUbp4zz/mX8hmYPw==",
      "optional": true,
      "dependencies": {
        "core-util-is": "~1.0.0",
        "inherits": "~2.0.3",
        "isarray": "~1.0.0",
        "process-nextick-args": "~2.0.0",
        "safe-buffer": "~5.1.1",
        "string_decoder": "~1.1.1",
        "util-deprecate": "~1.0.1"
      }
    },
    "node_modules/readable-stream/node_modules/safe-buffer": {
      "version": "5.1.2",
      "resolved": "https://registry.npmjs.org/safe-buffer/-/safe-buffer-5.1.2.tgz",
      "integrity": "sha512-Gd2UZBJDkXlY7GbJxfsE8/nvKkUEU1G38c1siN6QP6a9PT9MmHB8GnpscSmMJSoF8LOIrt8ud/wPtojys4G6+g==",
      "optional": true
    },
    "node_modules/safe-buffer": {
      "version": "5.2.1",
      "resolved": "https://registry.npmjs.org/safe-buffer/-/safe-buffer-5.2.1.tgz",
      "integrity": "sha512-rp3So07KcdmmKbGvgaNxQSJr7bGVSVk5S9Eq1F+ppbRo70+YeaDxkw5Dd8NPN+GD6bjnYm2VuPuCXmpuYvmCXQ==",
      "funding": [
        {
          "type": "github",
          "url": "https://github.com/sponsors/feross"
        },
        {
          "type": "patreon",
          "url": "https://www.patreon.com/feross"
        },
        {
          "type": "consulting",
          "url": "https://feross.org/support"
        }
      ]
    },
    "node_modules/sample-rate": {
      "version": "2.0.1",
      "resolved": "https://registry.npmjs.org/sample-rate/-/sample-rate-2.0.1.tgz",
      "integrity": "sha512-AIK0vVBiAEObmpJOxQu/WCyklnWGqzTSDII4O7nBo+SJHmfgBUiYhgV/Y3Ohz76gfSlU6R5CIAKggj+nAOLSvg=="
    },
    "node_modules/speaker": {
      "version": "0.3.1",
      "resolved": "https://registry.npmjs.org/speaker/-/speaker-0.3.1.tgz",
      "integrity": "sha512-LEqSy+FHYHPZj4kX8NHylzaOmy+VIqj57enm2GS4B568hj0SdKDYa9jALCGQy43LZa/JmQk1iF0nlMVbS1PfPg==",
      "hasInstallScript": true,
      "optional": true,
      "dependencies": {
        "bindings": "^1.2.1",
        "debug": "^2.2.0",
        "nan": "^2.2.0",
        "readable-stream": "^2.0.5"
      }
    },
    "node_modules/string_decoder": {
      "version": "1.1.1",
      "resolved": "https://registry.npmjs.org/string_decoder/-/string_decoder-1.1.1.tgz",
      "integrity": "sha512-n/ShnvDi6FHbbVfviro+WojiFzv+s8MPMHBczVePfUpDJLwoLT0ht1l4YwBCbi8pJAveEEdnkHyPyTP/mzRfwg==",
      "optional": true,
      "dependencies": {
        "safe-buffer": "~5.1.0"
      }
    },
    "node_modules/string_decoder/node_modules/safe-buffer": {
      "version": "5.1.2",
      "resolved": "https://registry.npmjs.org/safe-buffer/-/safe-buffer-5.1.2.tgz",
      "integrity": "sha512-Gd2UZBJDkXlY7GbJxfsE8/nvKkUEU1G38c1siN6QP6a9PT9MmHB8GnpscSmMJSoF8LOIrt8ud/wPtojys4G6+g==",
      "optional": true
    },
    "node_modules/string-to-arraybuffer": {
      "version": "1.0.2",
      "resolved": "https://registry.npmjs.org/string-to-arraybuffer/-/string-to-arraybuffer-1.0.2.tgz",
      "integrity": "sha512-DaGZidzi93dwjQen5I2osxR9ERS/R7B1PFyufNMnzhj+fmlDQAc1DSDIJVJhgI8Oq221efIMbABUBdPHDRt43Q==",
      "dependencies": {
        "atob-lite": "^2.0.0",
        "is-base64": "^0.1.0"
      }
    },
    "node_modules/through": {
      "version": "2.3.8",
      "resolved": "https://registry.npmjs.org/through/-/through-2.3.8.tgz",
      "integrity": "sha1-DdTJ/6q8NXlgsbckEV1+Doai4fU="
    },
    "node_modules/to-array-buffer": {
      "version": "2.2.2",
      "resolved": "https://registry.npmjs.org/to-array-buffer/-/to-array-buffer-2.2.2.tgz",
      "integrity": "sha512-ZLcA71btdGxBs6WH2559ybYfoQ23756bZACcU9pIUwbBJ4Bwr1DHW96XfXQoKSk87pYo9zp2VsWrcX+At988Bw==",
      "dependencies": {
        "flatten-vertex-data": "^1.0.2",
        "is-blob": "^2.0.1",
        "string-to-arraybuffer": "^1.0.0"
      }
    },
    "node_modules/typedarray-to-buffer": {
      "version": "3.1.5",
      "resolved": "https://registry.npmjs.org/typedarray-to-buffer/-/typedarray-to-buffer-3.1.5.tgz",
      "integrity": "sha512-zdu8XMNEDepKKR+XYOXAVPtWui0ly0NtohUscw+UmaHiAWT8hrV1rr//H6V+0DvJ3OQ19S979M0laLfX8rm82Q==",
      "dependencies": {
        "is-typedarray": "^1.0.0"
      }
    },
    "node_modules/util-deprecate": {
      "version": "1.0.2",
      "resolved": "https://registry.npmjs.org/util-deprecate/-/util-deprecate-1.0.2.tgz",
      "integrity": "sha1-RQ1Nyfpw3nMnYvvS1KKJgUGaDM8=",
      "optional": true
    },
    "node_modules/wav-decoder": {
      "version": "1.3.0",
      "resolved": "https://registry.npmjs.org/wav-decoder/-/wav-decoder-1.3.0.tgz",
      "integrity": "sha512-4U6O/JNb1dPO90CO2YMTQ5N2plJcntm39vNMvRq9VZ4Vy5FzS7Lnx95N2QcYUyKYcZfCbhI//W3dSHA8YnOQyQ=="
    }
  },
  "dependencies": {
    "atob": {
      "version": "2.1.2",
      "resolved": "https://registry.npmjs.org/atob/-/atob-2.1.2.tgz",
      "integrity": "sha512-Wm6ukoaOGJi/73p/cl2GvLjTI5JM1k/O14isD73YML8StrH/7/lRFgmg8nICZgD3bZZvjwCGxtMOD3wWNAu8cg=="
    },
    "atob-lite": {
      "version": "2.0.0",
      "resolved": "https://registry.npmjs.org/atob-lite/-/atob-lite-2.0.0.tgz",
      "integrity": "sha1-D+9a1G8b16hQLGVyfwNn1e5D1pY="
    },
    "audio-buffer": {
      "version": "4.0.4",
      "resolved": "https://registry.npmjs.org/audio-buffer/-/audio-buffer-4.0.4.tgz",
      "integrity": "sha512-phH+MR3G+N/PO5ZKKxx7HlU6vJwAJFa0+FCaTjr/4lUZU/RCjUTqlk3nMJTRy5+b+6cbx8m//EtwZOVI5Ht9+w==",
      "requires": {
        "audio-context": "^1.0.0"
      }
    },
    "audio-buffer-from": {
      "version": "1.1.1",
      "resolved": "https://registry.npmjs.org/audio-buffer-from/-/audio-buffer-from-1.1.1.tgz",
      "integrity": "sha512-8Wcira24z+26GXDFe7ZFRF1bJm1iWrz8O+XL8iNZxZjxqAPXIoK1IrJiOqStv35ASPbRjG57ZK/T0WO92MDUSg==",
      "requires": {
        "audio-buffer": "^4.0.4",
        "audio-context": "^1.0.1",
        "audio-format": "^2.0.0",
        "is-audio-buffer": "^1.0.11",
        "is-plain-obj": "^1.1.0",
        "pcm-convert": "^1.6.0",
        "pick-by-alias": "^1.2.0",
        "string-to-arraybuffer": "^1.0.0"
      }
    },
    "audio-context": {
      "version": "1.0.3",
      "resolved": "https://registry.npmjs.org/audio-context/-/audio-context-1.0.3.tgz",
      "integrity": "sha512-RH3/rM74f2ITlohhjgC7oYZVS97wtv/SEjXLCzEinnrIPIDxc39m2aFc6wmdkM0NYRKo1DMleYPMAIbnTRW0eA=="
    },
    "audio-decode": {
      "version": "1.4.0",
      "resolved": "https://registry.npmjs.org/audio-decode/-/audio-decode-1.4.0.tgz",
      "integrity": "sha512-twthRe/K9b83xkk+7AVw7n0o1z1jaaVAwIM0m6VFy9Fl7XdQXM2Kb2MMnZoFBrjwpby+rSfqKZCFExDTZNrCHw==",
      "requires": {
        "audio-buffer-from": "^1.1.1",
        "audio-context": "^1.0.1",
        "audio-type": "^1.0.2",
        "av": "^0.4.9",
        "is-buffer": "^1.1.4",
        "mp3": "^0.1.0",
        "to-array-buffer": "^2.0.0",
        "typedarray-to-buffer": "^3.1.2",
        "wav-decoder": "^1.1.0"
      }
    },
    "audio-format": {
      "version": "2.3.2",
      "resolved": "https://registry.npmjs.org/audio-format/-/audio-format-2.3.2.tgz",
      "integrity": "sha512-5IA2grZhaVhpGxX6lbJm8VVh/SKQULMXXrFxuiodi0zhzDPRB8BJfieo89AclEQv4bDxZRH4lv06qNnxqkFhKQ==",
      "requires": {
        "is-audio-buffer": "^1.0.11",
        "is-buffer": "^1.1.5",
        "is-plain-obj": "^1.1.0",
        "pick-by-alias": "^1.2.0",
        "sample-rate": "^2.0.0"
      }
    },
    "audio-lena": {
      "version": "2.1.1",
      "resolved": "https://registry.npmjs.org/audio-lena/-/audio-lena-2.1.1.tgz",
      "integrity": "sha1-6IyKnn5HMsZq8lJTTvw8Vmg6/FY=",
      "requires": {
        "atob": "^2.0.3"
      }
    },
    "audio-type": {
      "version": "1.0.2",
      "resolved": "https://registry.npmjs.org/audio-type/-/audio-type-1.0.2.tgz",
      "integrity": "sha1-n6tWsVc0o35Wwh72/624FhivD8A=",
      "requires": {
        "is-flac": "^1.1.0",
        "is-m4a": "^1.1.0",
        "is-mp3": "^1.1.0",
        "is-ogg": "^1.1.0",
        "is-wav": "^1.1.0",
        "read-chunk": "^2.0.0"
      }
    },
    "av": {
      "version": "0.4.9",
      "resolved": "https://registry.npmjs.org/av/-/av-0.4.9.tgz",
      "integrity": "sha1-jHFl9zlYClQeyVBxQjSSs//cbiA=",
      "requires": {
        "coffeeify": "^0.6.0",
        "speaker": "^0.3.0"
      }
    },
    "bindings": {
      "version": "1.5.0",
      "resolved": "https://registry.npmjs.org/bindings/-/bindings-1.5.0.tgz",
      "integrity": "sha512-p2q/t/mhvuOj/UeLlV6566GD/guowlr0hHxClI0W9m7MWYkL1F0hLo+0Aexs9HSPCtR1SXQ0TD3MMKrXZajbiQ==",
      "optional": true,
      "requires": {
        "file-uri-to-path": "1.0.0"
      }
    },
    "coffee-script": {
      "version": "1.7.1",
      "resolved": "https://registry.npmjs.org/coffee-script/-/coffee-script-1.7.1.tgz",
      "integrity": "sha1-YplqhheAx15tUGnROCJyO3NAS/w=",
      "requires": {
        "mkdirp": "~0.3.5"
      }
    },
    "coffeeify": {
      "version": "0.6.0",
      "resolved": "https://registry.npmjs.org/coffeeify/-/coffeeify-0.6.0.tgz",
      "integrity": "sha1-dcq6my6Sx4NskkZciDtqzJ2JRlI=",
      "requires": {
        "coffee-script": "~1.7.0",
        "convert-source-map": "~0.3.3",
        "through": "~2.3.4"
      }
    },
    "convert-source-map": {
      "version": "0.3.5",
      "resolved": "https://registry.npmjs.org/convert-source-map/-/convert-source-map-0.3.5.tgz",
      "integrity": "sha1-8dgClQr33SYxof6+BZZVDIarMZA="
    },
    "core-util-is": {
      "version": "1.0.2",
      "resolved": "https://registry.npmjs.org/core-util-is/-/core-util-is-1.0.2.tgz",
      "integrity": "sha1-tf1UIgqivFq1eqtxQMlAdUUDwac=",
      "optional": true
    },
    "debug": {
      "version": "2.6.9",
      "resolved": "https://registry.npmjs.org/debug/-/debug-2.6.9.tgz",
      "integrity": "sha512-bC7ElrdJaJnPbAP+1EotYvqZsb3ecl5wi6Bfi6BJTUcNowp6cvspg0jXznRTKDjm/E7AdgFBVeAPVMNcKGsHMA==",
      "optional": true,
      "requires": {
        "ms": "2.0.0"
      }
    },
    "dtype": {
      "version": "2.0.0",
      "resolved": "https://registry.npmjs.org/dtype/-/dtype-2.0.0.tgz",
      "integrity": "sha1-zQUjI84GFETs0uj1dI9popvihDQ="
    },
    "file-uri-to-path": {
      "version": "1.0.0",
      "resolved": "https://registry.npmjs.org/file-uri-to-path/-/file-uri-to-path-1.0.0.tgz",
      "integrity": "sha512-0Zt+s3L7Vf1biwWZ29aARiVYLx7iMGnEUl9x33fbB/j3jR81u/O2LbqK+Bm1CDSNDKVtJ/YjwY7TUd5SkeLQLw==",
      "optional": true
    },
    "flatten-vertex-data": {
      "version": "1.0.2",
      "resolved": "https://registry.npmjs.org/flatten-vertex-data/-/flatten-vertex-data-1.0.2.tgz",
      "integrity": "sha512-BvCBFK2NZqerFTdMDgqfHBwxYWnxeCkwONsw6PvBMcUXqo8U/KDWwmXhqx1x2kLIg7DqIsJfOaJFOmlua3Lxuw==",
      "requires": {
        "dtype": "^2.0.0"
      }
    },
    "inherits": {
      "version": "2.0.4",
      "resolved": "https://registry.npmjs.org/inherits/-/inherits-2.0.4.tgz",
      "integrity": "sha512-k/vGaX4/Yla3WzyMCvTQOXYeIHvqOKtnqBduzTHpzpQZzAskKMhZ2K+EnBiSM9zGSoIFeMpXKxa4dYeZIQqewQ==",
      "optional": true
    },
    "is-audio-buffer": {
      "version": "1.1.0",
      "resolved": "https://registry.npmjs.org/is-audio-buffer/-/is-audio-buffer-1.1.0.tgz",
      "integrity": "sha512-fmPC/dizJmP4ITCsW5oTQGMJ9wZVE+A/zAe6FQo3XwgERxmXHmm3ON5XkWDAxmyxvsrDmWx3NArpSgamp/59AA=="
    },
    "is-base64": {
      "version": "0.1.0",
      "resolved": "https://registry.npmjs.org/is-base64/-/is-base64-0.1.0.tgz",
      "integrity": "sha512-WRRyllsGXJM7ZN7gPTCCQ/6wNPTRDwiWdPK66l5sJzcU/oOzcIcRRf0Rux8bkpox/1yjt0F6VJRsQOIG2qz5sg=="
    },
    "is-blob": {
      "version": "2.1.0",
      "resolved": "https://registry.npmjs.org/is-blob/-/is-blob-2.1.0.tgz",
      "integrity": "sha512-SZ/fTft5eUhQM6oF/ZaASFDEdbFVe89Imltn9uZr03wdKMcWNVYSMjQPFtg05QuNkt5l5c135ElvXEQG0rk4tw=="
    },
    "is-buffer": {
      "version": "1.1.6",
      "resolved": "https://registry.npmjs.org/is-buffer/-/is-buffer-1.1.6.tgz",
      "integrity": "sha512-NcdALwpXkTm5Zvvbk7owOUSvVvBKDgKP5/ewfXEznmQFfs4ZRmanOeKBTjRVjka3QFoN6XJ+9F3USqfHqTaU5w=="
    },
    "is-flac": {
      "version": "1.1.2",
      "resolved": "https://registry.npmjs.org/is-flac/-/is-flac-1.1.2.tgz",
      "integrity": "sha1-xMWRj6IR5Rt6bpp8x1GAnq6MACw="
    },
    "is-m4a": {
      "version": "1.1.0",
      "resolved": "https://registry.npmjs.org/is-m4a/-/is-m4a-1.1.0.tgz",
      "integrity": "sha1-DxbISzufvx/fjDn4hGhGJk3b3Tw="
    },
    "is-mp3": {
      "version": "1.1.3",
      "resolved": "https://registry.npmjs.org/is-mp3/-/is-mp3-1.1.3.tgz",
      "integrity": "sha1-YqHnPCBgH0bLHxv1klBPk58L1Mg="
    },
    "is-ogg": {
      "version": "1.1.2",
      "resolved": "https://registry.npmjs.org/is-ogg/-/is-ogg-1.1.2.tgz",
      "integrity": "sha1-lWoOAjzntcSE+sDi/0J4NPanZJM="
    },
    "is-plain-obj": {
      "version": "1.1.0",
      "resolved": "https://registry.npmjs.org/is-plain-obj/-/is-plain-obj-1.1.0.tgz",
      "integrity": "sha1-caUMhCnfync8kqOQpKA7OfzVHT4="
    },
    "is-typedarray": {
      "version": "1.0.0",
      "resolved": "https://registry.npmjs.org/is-typedarray/-/is-typedarray-1.0.0.tgz",
      "integrity": "sha1-5HnICFjfDBsR3dppQPlgEfzaSpo="
    },
    "is-wav": {
      "version": "1.1.2",
      "resolved": "https://registry.npmjs.org/is-wav/-/is-wav-1.1.2.tgz",
      "integrity": "sha1-2crM81WoNNf1uCjwCYEdCX1UBQ4="
    },
    "isarray": {
      "version": "1.0.0",
      "resolved": "https://registry.npmjs.org/isarray/-/isarray-1.0.0.tgz",
      "integrity": "sha1-u5NdSFgsuhaMBoNJV6VKPgcSTxE=",
      "optional": true
    },
    "mkdirp": {
      "version": "0.3.5",
      "resolved": "https://registry.npmjs.org/mkdirp/-/mkdirp-0.3.5.tgz",
      "integrity": "sha1-3j5fiWHIjHh+4TaN+EmsRBPsqNc="
    },
    "mp3": {
      "version": "0.1.0",
      "resolved": "https://registry.npmjs.org/mp3/-/mp3-0.1.0.tgz",
      "integrity": "sha1-5T5HI+NGmO4//dzbYL+INWpJEME=",
      "requires": {}
    },
    "ms": {
      "version": "2.0.0",
      "resolved": "https://registry.npmjs.org/ms/-/ms-2.0.0.tgz",
      "integrity": "sha1-VgiurfwAvmwpAd9fmGF4jeDVl8g=",
      "optional": true
    },
    "nan": {
      "version": "2.15.0",
      "resolved": "https://registry.npmjs.org/nan/-/nan-2.15.0.tgz",
      "integrity": "sha512-8ZtvEnA2c5aYCZYd1cvgdnU6cqwixRoYg70xPLWUws5ORTa/lnw+u4amixRS/Ac5U5mQVgp9pnlSUnbNWFaWZQ==",
      "optional": true
    },
    "node-fetch": {
      "version": "2.6.1",
      "resolved": "https://registry.npmjs.org/node-fetch/-/node-fetch-2.6.1.tgz",
      "integrity": "sha512-V4aYg89jEoVRxRb2fJdAg8FHvI7cEyYdVAh94HH0UIK8oJxUfkjlDQN9RbMx+bEjP7+ggMiFRprSti032Oipxw=="
    },
    "object-assign": {
      "version": "4.1.1",
      "resolved": "https://registry.npmjs.org/object-assign/-/object-assign-4.1.1.tgz",
      "integrity": "sha1-IQmtx5ZYh8/AXLvUQsrIv7s2CGM="
    },
    "pcm-convert": {
      "version": "1.6.5",
      "resolved": "https://registry.npmjs.org/pcm-convert/-/pcm-convert-1.6.5.tgz",
      "integrity": "sha512-5CEspU4j8aEQ80AhNbcLfpT0apc93E6endFxahWd4sV70I6PN7LPdz8GoYm/1qr400K9bUVsVA+KxNgbFROZPw==",
      "requires": {
        "audio-format": "^2.3.2",
        "is-audio-buffer": "^1.0.11",
        "is-buffer": "^1.1.5",
        "object-assign": "^4.1.1"
      }
    },
    "pick-by-alias": {
      "version": "1.2.0",
      "resolved": "https://registry.npmjs.org/pick-by-alias/-/pick-by-alias-1.2.0.tgz",
      "integrity": "sha1-X3yysfIabh6ISgyHhVqko3NhEHs="
    },
    "pify": {
      "version": "3.0.0",
      "resolved": "https://registry.npmjs.org/pify/-/pify-3.0.0.tgz",
      "integrity": "sha1-5aSs0sEB/fPZpNB/DbxNtJ3SgXY="
    },
    "process-nextick-args": {
      "version": "2.0.1",
      "resolved": "https://registry.npmjs.org/process-nextick-args/-/process-nextick-args-2.0.1.tgz",
      "integrity": "sha512-3ouUOpQhtgrbOa17J7+uxOTpITYWaGP7/AhoR3+A+/1e9skrzelGi/dXzEYyvbxubEF6Wn2ypscTKiKJFFn1ag==",
      "optional": true
    },
    "read-chunk": {
      "version": "2.1.0",
      "resolved": "https://registry.npmjs.org/read-chunk/-/read-chunk-2.1.0.tgz",
      "integrity": "sha1-agTAkoAF7Z1C4aasVgDhnLx/9lU=",
      "requires": {
        "pify": "^3.0.0",
        "safe-buffer": "^5.1.1"
      }
    },
    "readable-stream": {
      "version": "2.3.7",
      "resolved": "https://registry.npmjs.org/readable-stream/-/readable-stream-2.3.7.tgz",
      "integrity": "sha512-Ebho8K4jIbHAxnuxi7o42OrZgF/ZTNcsZj6nRKyUmkhLFq8CHItp/fy6hQZuZmP/n3yZ9VBUbp4zz/mX8hmYPw==",
      "optional": true,
      "requires": {
        "core-util-is": "~1.0.0",
        "inherits": "~2.0.3",
        "isarray": "~1.0.0",
        "process-nextick-args": "~2.0.0",
        "safe-buffer": "~5.1.1",
        "string_decoder": "~1.1.1",
        "util-deprecate": "~1.0.1"
      },
      "dependencies": {
        "safe-buffer": {
          "version": "5.1.2",
          "resolved": "https://registry.npmjs.org/safe-buffer/-/safe-buffer-5.1.2.tgz",
          "integrity": "sha512-Gd2UZBJDkXlY7GbJxfsE8/nvKkUEU1G38c1siN6QP6a9PT9MmHB8GnpscSmMJSoF8LOIrt8ud/wPtojys4G6+g==",
          "optional": true
        }
      }
    },
    "safe-buffer": {
      "version": "5.2.1",
      "resolved": "https://registry.npmjs.org/safe-buffer/-/safe-buffer-5.2.1.tgz",
      "integrity": "sha512-rp3So07KcdmmKbGvgaNxQSJr7bGVSVk5S9Eq1F+ppbRo70+YeaDxkw5Dd8NPN+GD6bjnYm2VuPuCXmpuYvmCXQ=="
    },
    "sample-rate": {
      "version": "2.0.1",
      "resolved": "https://registry.npmjs.org/sample-rate/-/sample-rate-2.0.1.tgz",
      "integrity": "sha512-AIK0vVBiAEObmpJOxQu/WCyklnWGqzTSDII4O7nBo+SJHmfgBUiYhgV/Y3Ohz76gfSlU6R5CIAKggj+nAOLSvg=="
    },
    "speaker": {
      "version": "0.3.1",
      "resolved": "https://registry.npmjs.org/speaker/-/speaker-0.3.1.tgz",
      "integrity": "sha512-LEqSy+FHYHPZj4kX8NHylzaOmy+VIqj57enm2GS4B568hj0SdKDYa9jALCGQy43LZa/JmQk1iF0nlMVbS1PfPg==",
      "optional": true,
      "requires": {
        "bindings": "^1.2.1",
        "debug": "^2.2.0",
        "nan": "^2.2.0",
        "readable-stream": "^2.0.5"
      }
    },
    "string_decoder": {
      "version": "1.1.1",
      "resolved": "https://registry.npmjs.org/string_decoder/-/string_decoder-1.1.1.tgz",
      "integrity": "sha512-n/ShnvDi6FHbbVfviro+WojiFzv+s8MPMHBczVePfUpDJLwoLT0ht1l4YwBCbi8pJAveEEdnkHyPyTP/mzRfwg==",
      "optional": true,
      "requires": {
        "safe-buffer": "~5.1.0"
      },
      "dependencies": {
        "safe-buffer": {
          "version": "5.1.2",
          "resolved": "https://registry.npmjs.org/safe-buffer/-/safe-buffer-5.1.2.tgz",
          "integrity": "sha512-Gd2UZBJDkXlY7GbJxfsE8/nvKkUEU1G38c1siN6QP6a9PT9MmHB8GnpscSmMJSoF8LOIrt8ud/wPtojys4G6+g==",
          "optional": true
        }
      }
    },
    "string-to-arraybuffer": {
      "version": "1.0.2",
      "resolved": "https://registry.npmjs.org/string-to-arraybuffer/-/string-to-arraybuffer-1.0.2.tgz",
      "integrity": "sha512-DaGZidzi93dwjQen5I2osxR9ERS/R7B1PFyufNMnzhj+fmlDQAc1DSDIJVJhgI8Oq221efIMbABUBdPHDRt43Q==",
      "requires": {
        "atob-lite": "^2.0.0",
        "is-base64": "^0.1.0"
      }
    },
    "through": {
      "version": "2.3.8",
      "resolved": "https://registry.npmjs.org/through/-/through-2.3.8.tgz",
      "integrity": "sha1-DdTJ/6q8NXlgsbckEV1+Doai4fU="
    },
    "to-array-buffer": {
      "version": "2.2.2",
      "resolved": "https://registry.npmjs.org/to-array-buffer/-/to-array-buffer-2.2.2.tgz",
      "integrity": "sha512-ZLcA71btdGxBs6WH2559ybYfoQ23756bZACcU9pIUwbBJ4Bwr1DHW96XfXQoKSk87pYo9zp2VsWrcX+At988Bw==",
      "requires": {
        "flatten-vertex-data": "^1.0.2",
        "is-blob": "^2.0.1",
        "string-to-arraybuffer": "^1.0.0"
      }
    },
    "typedarray-to-buffer": {
      "version": "3.1.5",
      "resolved": "https://registry.npmjs.org/typedarray-to-buffer/-/typedarray-to-buffer-3.1.5.tgz",
      "integrity": "sha512-zdu8XMNEDepKKR+XYOXAVPtWui0ly0NtohUscw+UmaHiAWT8hrV1rr//H6V+0DvJ3OQ19S979M0laLfX8rm82Q==",
      "requires": {
        "is-typedarray": "^1.0.0"
      }
    },
    "util-deprecate": {
      "version": "1.0.2",
      "resolved": "https://registry.npmjs.org/util-deprecate/-/util-deprecate-1.0.2.tgz",
      "integrity": "sha1-RQ1Nyfpw3nMnYvvS1KKJgUGaDM8=",
      "optional": true
    },
    "wav-decoder": {
      "version": "1.3.0",
      "resolved": "https://registry.npmjs.org/wav-decoder/-/wav-decoder-1.3.0.tgz",
      "integrity": "sha512-4U6O/JNb1dPO90CO2YMTQ5N2plJcntm39vNMvRq9VZ4Vy5FzS7Lnx95N2QcYUyKYcZfCbhI//W3dSHA8YnOQyQ=="
    }
  }
}
